
Microsoft Visual Studio Solution File, Format Version 12.00
# Visual Studio Version 17
VisualStudioVersion = 17.10.35013.160
MinimumVisualStudioVersion = 10.0.40219.1
Project("{FAE04EC0-301F-11D3-BF4B-00C04F79EFBC}") = "DataExam1", "DataExam1\DataExam1.csproj", "{FC14D0FD-C84F-4114-9D33-6818685D91C8}"
EndProject
Global
	GlobalSection(SolutionConfigurationPlatforms) = preSolution
		Debug|Any CPU = Debug|Any CPU
		Release|Any CPU = Release|Any CPU
	EndGlobalSection
	GlobalSection(ProjectConfigurationPlatforms) = postSolution
		{FC14D0FD-C84F-4114-9D33-6818685D91C8}.Debug|Any CPU.ActiveCfg = Debug|Any CPU
		{FC14D0FD-C84F-4114-9D33-6818685D91C8}.Debug|Any CPU.Build.0 = Debug|Any CPU
		{FC14D0FD-C84F-4114-9D33-6818685D91C8}.Release|Any CPU.ActiveCfg = Release|Any CPU
		{FC14D0FD-C84F-4114-9D33-6818685D91C8}.Release|Any CPU.Build.0 = Release|Any CPU
	EndGlobalSection
	GlobalSection(SolutionProperties) = preSolution
		HideSolutionNode = FALSE
	EndGlobalSection
	GlobalSection(ExtensibilityGlobals) = postSolution
		SolutionGuid = {44D81A8A-0A7C-4F73-8D5E-19221DB6FD64}
	EndGlobalSection
EndGlobal
